
Microsoft Visual Studio Solution File, Format Version 12.00
# Visual Studio 15
Project("{FAE04EC0-301F-11D3-BF4B-00C04F79EFBC}") = "WebApiR", "WebApiR\WebApiR.csproj", "{B7B1695A-52A6-4DE6-BE33-5AFD28CFE315}"
EndProject
Global
	GlobalSection(SolutionConfigurationPlatforms) = preSolution
		Debug|Any CPU = Debug|Any CPU
		Release|Any CPU = Release|Any CPU
	EndGlobalSection
	GlobalSection(ProjectConfigurationPlatforms) = postSolution
		{B7B1695A-52A6-4DE6-BE33-5AFD28CFE315}.Debug|Any CPU.ActiveCfg = Debug|Any CPU
		{B7B1695A-52A6-4DE6-BE33-5AFD28CFE315}.Debug|Any CPU.Build.0 = Debug|Any CPU
		{B7B1695A-52A6-4DE6-BE33-5AFD28CFE315}.Release|Any CPU.ActiveCfg = Release|Any CPU
		{B7B1695A-52A6-4DE6-BE33-5AFD28CFE315}.Release|Any CPU.Build.0 = Release|Any CPU
	EndGlobalSection
EndGlobal
